# THIS IS AN AUTOGENERATED FILE. DO NOT EDIT THIS FILE DIRECTLY.
# yarn lockfile v1


"@types/node@^10.3.0":
  version "10.3.0"
  resolved "https://registry.yarnpkg.com/@types/node/-/node-10.3.0.tgz#078516315a84d56216b5d4fed8f75d59d3b16cac"

"@types/react@^16.3.16":
  version "16.3.16"
  resolved "https://registry.yarnpkg.com/@types/react/-/react-16.3.16.tgz#78fc44a90b45701f50c8a7008f733680ba51fc86"
  dependencies:
    csstype "^2.2.0"

"@types/redux@^3.6.0":
  version "3.6.0"
  resolved "https://registry.yarnpkg.com/@types/redux/-/redux-3.6.0.tgz#f1ebe1e5411518072e4fdfca5c76e16e74c1399a"
  dependencies:
    redux "*"

csstype@^2.2.0:
  version "2.5.3"
  resolved "https://registry.yarnpkg.com/csstype/-/csstype-2.5.3.tgz#2504152e6e1cc59b32098b7f5d6a63f16294c1f7"

js-tokens@^3.0.0:
  version "3.0.2"
  resolved "https://registry.yarnpkg.com/js-tokens/-/js-tokens-3.0.2.tgz#9866df395102130e38f7f996bceb65443209c25b"

loose-envify@^1.1.0:
  version "1.3.1"
  resolved "https://registry.yarnpkg.com/loose-envify/-/loose-envify-1.3.1.tgz#d1a8ad33fa9ce0e713d65fdd0ac8b748d478c848"
  dependencies:
    js-tokens "^3.0.0"

oni-api@^0.0.45:
  version "0.0.45"
  resolved "https://registry.yarnpkg.com/oni-api/-/oni-api-0.0.45.tgz#e9191fbc5069e01b3cbea644bc697be9aaf1d699"

oni-core-logging@^1.0.0:
  version "1.0.0"
  resolved "https://registry.yarnpkg.com/oni-core-logging/-/oni-core-logging-1.0.0.tgz#7ad6c0ad8b06c23255202f97e229c2b0947dcf0b"

oni-core-redux@^1.0.0:
  version "1.0.0"
  resolved "https://registry.yarnpkg.com/oni-core-redux/-/oni-core-redux-1.0.0.tgz#07bc9650b256afda857d049cd1994bf3542fe475"
  dependencies:
    "@types/redux" "^3.6.0"
    oni-core-logging "^1.0.0"
    redux "^4.0.0"
    redux-batched-subscribe "^0.1.6"

oni-types@^0.0.8:
  version "0.0.8"
  resolved "https://registry.yarnpkg.com/oni-types/-/oni-types-0.0.8.tgz#1dfe97eda3f2b97dfcb94609af25fc2e4172fa33"

redux-batched-subscribe@^0.1.6:
  version "0.1.6"
  resolved "https://registry.yarnpkg.com/redux-batched-subscribe/-/redux-batched-subscribe-0.1.6.tgz#de928602708df7198b4d0c98c7119df993780d59"

redux@*, redux@^4.0.0:
  version "4.0.0"
  resolved "https://registry.yarnpkg.com/redux/-/redux-4.0.0.tgz#aa698a92b729315d22b34a0553d7e6533555cc03"
  dependencies:
    loose-envify "^1.1.0"
    symbol-observable "^1.2.0"

symbol-observable@^1.2.0:
  version "1.2.0"
  resolved "https://registry.yarnpkg.com/symbol-observable/-/symbol-observable-1.2.0.tgz#c22688aed4eab3cdc2dfeacbb561660560a00804"

typescript@^2.9.1:
  version "2.9.1"
  resolved "https://registry.yarnpkg.com/typescript/-/typescript-2.9.1.tgz#fdb19d2c67a15d11995fd15640e373e09ab09961"

vscode-languageserver-types@^3.8.0:
  version "3.8.0"
  resolved "https://registry.yarnpkg.com/vscode-languageserver-types/-/vscode-languageserver-types-3.8.0.tgz#5f1fa5ddb07cad1ba9325c8a447e828f2efa1bea"
